
Microsoft Visual Studio Solution File, Format Version 12.00
# Visual Studio Version 17
VisualStudioVersion = 17.0.31903.59
MinimumVisualStudioVersion = 10.0.40219.1
Project("{2150E333-8FDC-42A3-9474-1A3956D46DE8}") = "src", "src", "{F893E778-0CD7-4ECD-8AF0-9909FD27775B}"
EndProject
Project("{2150E333-8FDC-42A3-9474-1A3956D46DE8}") = "BuildingBlocks", "BuildingBlocks", "{DC1F7BB3-4DB3-4DF3-9CE1-7A1CC7A4B0CC}"
EndProject
Project("{FAE04EC0-301F-11D3-BF4B-00C04F79EFBC}") = "MyStore.BuildingBlocks.Core", "src\BuildingBlocks\MyStore.BuildingBlocks.Core\MyStore.BuildingBlocks.Core.csproj", "{F56E9C4A-B79A-48A8-A4CF-45A342B78D7B}"
EndProject
Global
	GlobalSection(SolutionConfigurationPlatforms) = preSolution
		Debug|Any CPU = Debug|Any CPU
		Release|Any CPU = Release|Any CPU
	EndGlobalSection
	GlobalSection(SolutionProperties) = preSolution
		HideSolutionNode = FALSE
	EndGlobalSection
	GlobalSection(NestedProjects) = preSolution
		{DC1F7BB3-4DB3-4DF3-9CE1-7A1CC7A4B0CC} = {F893E778-0CD7-4ECD-8AF0-9909FD27775B}
		{F56E9C4A-B79A-48A8-A4CF-45A342B78D7B} = {DC1F7BB3-4DB3-4DF3-9CE1-7A1CC7A4B0CC}
	EndGlobalSection
	GlobalSection(ProjectConfigurationPlatforms) = postSolution
		{F56E9C4A-B79A-48A8-A4CF-45A342B78D7B}.Debug|Any CPU.ActiveCfg = Debug|Any CPU
		{F56E9C4A-B79A-48A8-A4CF-45A342B78D7B}.Debug|Any CPU.Build.0 = Debug|Any CPU
		{F56E9C4A-B79A-48A8-A4CF-45A342B78D7B}.Release|Any CPU.ActiveCfg = Release|Any CPU
		{F56E9C4A-B79A-48A8-A4CF-45A342B78D7B}.Release|Any CPU.Build.0 = Release|Any CPU
	EndGlobalSection
EndGlobal
