
Microsoft Visual Studio Solution File, Format Version 12.00
# Visual Studio Version 17
VisualStudioVersion = 17.0.31903.59
MinimumVisualStudioVersion = 10.0.40219.1
Project("{2150E333-8FDC-42A3-9474-1A3956D46DE8}") = "src", "src", "{E3A217FF-2292-43A3-A51C-B8FED0844835}"
EndProject
Project("{2150E333-8FDC-42A3-9474-1A3956D46DE8}") = "BuildingBlocks", "BuildingBlocks", "{C7423162-B97D-4A25-B81F-B4E93F8CAF0E}"
EndProject
Project("{FAE04EC0-301F-11D3-BF4B-00C04F79EFBC}") = "MCIO.BuildingBlocks.Output", "src\BuildingBlocks\Output\MCIO.BuildingBlocks.Output\MCIO.BuildingBlocks.Output.csproj", "{BB144E65-084D-4A79-A3E9-AEB3E01EFDBD}"
EndProject
Project("{2150E333-8FDC-42A3-9474-1A3956D46DE8}") = "samples", "samples", "{E9584874-5751-47D2-9196-ACBE789B9C02}"
EndProject
Project("{FAE04EC0-301F-11D3-BF4B-00C04F79EFBC}") = "SampleConsole", "samples\SampleConsole\SampleConsole.csproj", "{C1A478AD-4445-4F78-9BA4-3E2D89EB3CA1}"
EndProject
Global
	GlobalSection(SolutionConfigurationPlatforms) = preSolution
		Debug|Any CPU = Debug|Any CPU
		Release|Any CPU = Release|Any CPU
	EndGlobalSection
	GlobalSection(SolutionProperties) = preSolution
		HideSolutionNode = FALSE
	EndGlobalSection
	GlobalSection(NestedProjects) = preSolution
		{C7423162-B97D-4A25-B81F-B4E93F8CAF0E} = {E3A217FF-2292-43A3-A51C-B8FED0844835}
		{BB144E65-084D-4A79-A3E9-AEB3E01EFDBD} = {C7423162-B97D-4A25-B81F-B4E93F8CAF0E}
		{C1A478AD-4445-4F78-9BA4-3E2D89EB3CA1} = {E9584874-5751-47D2-9196-ACBE789B9C02}
	EndGlobalSection
	GlobalSection(ProjectConfigurationPlatforms) = postSolution
		{BB144E65-084D-4A79-A3E9-AEB3E01EFDBD}.Debug|Any CPU.ActiveCfg = Debug|Any CPU
		{BB144E65-084D-4A79-A3E9-AEB3E01EFDBD}.Debug|Any CPU.Build.0 = Debug|Any CPU
		{BB144E65-084D-4A79-A3E9-AEB3E01EFDBD}.Release|Any CPU.ActiveCfg = Release|Any CPU
		{BB144E65-084D-4A79-A3E9-AEB3E01EFDBD}.Release|Any CPU.Build.0 = Release|Any CPU
		{C1A478AD-4445-4F78-9BA4-3E2D89EB3CA1}.Debug|Any CPU.ActiveCfg = Debug|Any CPU
		{C1A478AD-4445-4F78-9BA4-3E2D89EB3CA1}.Debug|Any CPU.Build.0 = Debug|Any CPU
		{C1A478AD-4445-4F78-9BA4-3E2D89EB3CA1}.Release|Any CPU.ActiveCfg = Release|Any CPU
		{C1A478AD-4445-4F78-9BA4-3E2D89EB3CA1}.Release|Any CPU.Build.0 = Release|Any CPU
	EndGlobalSection
EndGlobal
