
Microsoft Visual Studio Solution File, Format Version 12.00
# Visual Studio Version 17
VisualStudioVersion = 17.0.31903.59
MinimumVisualStudioVersion = 10.0.40219.1
Project("{2150E333-8FDC-42A3-9474-1A3956D46DE8}") = "src", "src", "{E3A217FF-2292-43A3-A51C-B8FED0844835}"
EndProject
Project("{2150E333-8FDC-42A3-9474-1A3956D46DE8}") = "BuildingBlocks", "BuildingBlocks", "{C7423162-B97D-4A25-B81F-B4E93F8CAF0E}"
EndProject
Project("{2150E333-8FDC-42A3-9474-1A3956D46DE8}") = "samples", "samples", "{E9584874-5751-47D2-9196-ACBE789B9C02}"
EndProject
Project("{FAE04EC0-301F-11D3-BF4B-00C04F79EFBC}") = "SampleConsole", "samples\SampleConsole\SampleConsole.csproj", "{C1A478AD-4445-4F78-9BA4-3E2D89EB3CA1}"
EndProject
Project("{2150E333-8FDC-42A3-9474-1A3956D46DE8}") = "tst", "tst", "{082D209C-9D8E-48F8-9B8B-8EA6C2841284}"
EndProject
Project("{2150E333-8FDC-42A3-9474-1A3956D46DE8}") = "Benchmarks", "Benchmarks", "{D53BB0C3-7465-465F-A1F3-1B90934C3642}"
EndProject
Project("{FAE04EC0-301F-11D3-BF4B-00C04F79EFBC}") = "Benchmarks", "tst\Benchmarks\Benchmarks.csproj", "{514FBBC0-5EAB-4B75-A22F-8E913B24F630}"
EndProject
Project("{2150E333-8FDC-42A3-9474-1A3956D46DE8}") = "Customers", "Customers", "{89A75132-16F5-413A-916C-40A182CF2F77}"
EndProject
Project("{2150E333-8FDC-42A3-9474-1A3956D46DE8}") = "1 - Ports", "1 - Ports", "{4BC2137E-83CC-4B8B-99FA-668B40CEB04C}"
EndProject
Project("{2150E333-8FDC-42A3-9474-1A3956D46DE8}") = "2 - ApplicationCore", "2 - ApplicationCore", "{91189C3E-1816-4312-81B7-AF6DBE779F18}"
EndProject
Project("{2150E333-8FDC-42A3-9474-1A3956D46DE8}") = "3 - Adapters", "3 - Adapters", "{4E9FCC1B-8AA8-4E0B-B5C1-17E46E320AC5}"
EndProject
Project("{FAE04EC0-301F-11D3-BF4B-00C04F79EFBC}") = "MyStore.Customers.Domain.Entities", "src\Customers\MyStore.Customers.Domain.Entities\MyStore.Customers.Domain.Entities.csproj", "{67DF7AEB-8ED0-4FB1-B9DD-FB8E7094590D}"
EndProject
Project("{FAE04EC0-301F-11D3-BF4B-00C04F79EFBC}") = "MCIO.BuildingBlocks.Domain.Entities", "src\BuildingBlocks\Domain.Entities\MCIO.BuildingBlocks.Domain.Entities.csproj", "{073F9B39-47A4-4F3F-9EA9-327501293955}"
EndProject
Project("{FAE04EC0-301F-11D3-BF4B-00C04F79EFBC}") = "MCIO.BuildingBlocks.Core", "src\BuildingBlocks\Core\MCIO.BuildingBlocks.Core.csproj", "{7C6D1DF7-731E-4A52-95B9-5E7E00FA94BA}"
EndProject
Project("{FAE04EC0-301F-11D3-BF4B-00C04F79EFBC}") = "MCIO.BuildingBlocks.OutputEnvelop", "src\BuildingBlocks\OutputEnvelop\MCIO.BuildingBlocks.OutputEnvelop.csproj", "{95FAE333-35E4-40AC-BAAA-D72CA747FB4E}"
EndProject
Global
	GlobalSection(SolutionConfigurationPlatforms) = preSolution
		Debug|Any CPU = Debug|Any CPU
		Release|Any CPU = Release|Any CPU
	EndGlobalSection
	GlobalSection(SolutionProperties) = preSolution
		HideSolutionNode = FALSE
	EndGlobalSection
	GlobalSection(NestedProjects) = preSolution
		{C7423162-B97D-4A25-B81F-B4E93F8CAF0E} = {E3A217FF-2292-43A3-A51C-B8FED0844835}
		{C1A478AD-4445-4F78-9BA4-3E2D89EB3CA1} = {E9584874-5751-47D2-9196-ACBE789B9C02}
		{D53BB0C3-7465-465F-A1F3-1B90934C3642} = {082D209C-9D8E-48F8-9B8B-8EA6C2841284}
		{514FBBC0-5EAB-4B75-A22F-8E913B24F630} = {D53BB0C3-7465-465F-A1F3-1B90934C3642}
		{89A75132-16F5-413A-916C-40A182CF2F77} = {E3A217FF-2292-43A3-A51C-B8FED0844835}
		{4BC2137E-83CC-4B8B-99FA-668B40CEB04C} = {89A75132-16F5-413A-916C-40A182CF2F77}
		{91189C3E-1816-4312-81B7-AF6DBE779F18} = {89A75132-16F5-413A-916C-40A182CF2F77}
		{4E9FCC1B-8AA8-4E0B-B5C1-17E46E320AC5} = {89A75132-16F5-413A-916C-40A182CF2F77}
		{67DF7AEB-8ED0-4FB1-B9DD-FB8E7094590D} = {91189C3E-1816-4312-81B7-AF6DBE779F18}
		{073F9B39-47A4-4F3F-9EA9-327501293955} = {C7423162-B97D-4A25-B81F-B4E93F8CAF0E}
		{7C6D1DF7-731E-4A52-95B9-5E7E00FA94BA} = {C7423162-B97D-4A25-B81F-B4E93F8CAF0E}
		{95FAE333-35E4-40AC-BAAA-D72CA747FB4E} = {C7423162-B97D-4A25-B81F-B4E93F8CAF0E}
	EndGlobalSection
	GlobalSection(ProjectConfigurationPlatforms) = postSolution
		{C1A478AD-4445-4F78-9BA4-3E2D89EB3CA1}.Debug|Any CPU.ActiveCfg = Debug|Any CPU
		{C1A478AD-4445-4F78-9BA4-3E2D89EB3CA1}.Debug|Any CPU.Build.0 = Debug|Any CPU
		{C1A478AD-4445-4F78-9BA4-3E2D89EB3CA1}.Release|Any CPU.ActiveCfg = Release|Any CPU
		{C1A478AD-4445-4F78-9BA4-3E2D89EB3CA1}.Release|Any CPU.Build.0 = Release|Any CPU
		{514FBBC0-5EAB-4B75-A22F-8E913B24F630}.Debug|Any CPU.ActiveCfg = Debug|Any CPU
		{514FBBC0-5EAB-4B75-A22F-8E913B24F630}.Debug|Any CPU.Build.0 = Debug|Any CPU
		{514FBBC0-5EAB-4B75-A22F-8E913B24F630}.Release|Any CPU.ActiveCfg = Release|Any CPU
		{514FBBC0-5EAB-4B75-A22F-8E913B24F630}.Release|Any CPU.Build.0 = Release|Any CPU
		{67DF7AEB-8ED0-4FB1-B9DD-FB8E7094590D}.Debug|Any CPU.ActiveCfg = Debug|Any CPU
		{67DF7AEB-8ED0-4FB1-B9DD-FB8E7094590D}.Debug|Any CPU.Build.0 = Debug|Any CPU
		{67DF7AEB-8ED0-4FB1-B9DD-FB8E7094590D}.Release|Any CPU.ActiveCfg = Release|Any CPU
		{67DF7AEB-8ED0-4FB1-B9DD-FB8E7094590D}.Release|Any CPU.Build.0 = Release|Any CPU
		{073F9B39-47A4-4F3F-9EA9-327501293955}.Debug|Any CPU.ActiveCfg = Debug|Any CPU
		{073F9B39-47A4-4F3F-9EA9-327501293955}.Debug|Any CPU.Build.0 = Debug|Any CPU
		{073F9B39-47A4-4F3F-9EA9-327501293955}.Release|Any CPU.ActiveCfg = Release|Any CPU
		{073F9B39-47A4-4F3F-9EA9-327501293955}.Release|Any CPU.Build.0 = Release|Any CPU
		{7C6D1DF7-731E-4A52-95B9-5E7E00FA94BA}.Debug|Any CPU.ActiveCfg = Debug|Any CPU
		{7C6D1DF7-731E-4A52-95B9-5E7E00FA94BA}.Debug|Any CPU.Build.0 = Debug|Any CPU
		{7C6D1DF7-731E-4A52-95B9-5E7E00FA94BA}.Release|Any CPU.ActiveCfg = Release|Any CPU
		{7C6D1DF7-731E-4A52-95B9-5E7E00FA94BA}.Release|Any CPU.Build.0 = Release|Any CPU
		{95FAE333-35E4-40AC-BAAA-D72CA747FB4E}.Debug|Any CPU.ActiveCfg = Debug|Any CPU
		{95FAE333-35E4-40AC-BAAA-D72CA747FB4E}.Debug|Any CPU.Build.0 = Debug|Any CPU
		{95FAE333-35E4-40AC-BAAA-D72CA747FB4E}.Release|Any CPU.ActiveCfg = Release|Any CPU
		{95FAE333-35E4-40AC-BAAA-D72CA747FB4E}.Release|Any CPU.Build.0 = Release|Any CPU
	EndGlobalSection
EndGlobal
